
Microsoft Visual Studio Solution File, Format Version 12.00
# Visual Studio Version 17
VisualStudioVersion = 17.6.33829.357
MinimumVisualStudioVersion = 10.0.40219.1
Project("{FAE04EC0-301F-11D3-BF4B-00C04F79EFBC}") = "ChineseParentMod", "ChineseParentMod\ChineseParentMod.csproj", "{34A77D1F-4078-44D4-88EF-0DEA4550B267}"
EndProject
Global
	GlobalSection(SolutionConfigurationPlatforms) = preSolution
		Debug|Any CPU = Debug|Any CPU
		Release|Any CPU = Release|Any CPU
	EndGlobalSection
	GlobalSection(ProjectConfigurationPlatforms) = postSolution
		{34A77D1F-4078-44D4-88EF-0DEA4550B267}.Debug|Any CPU.ActiveCfg = Debug|Any CPU
		{34A77D1F-4078-44D4-88EF-0DEA4550B267}.Debug|Any CPU.Build.0 = Debug|Any CPU
		{34A77D1F-4078-44D4-88EF-0DEA4550B267}.Release|Any CPU.ActiveCfg = Release|Any CPU
		{34A77D1F-4078-44D4-88EF-0DEA4550B267}.Release|Any CPU.Build.0 = Release|Any CPU
	EndGlobalSection
	GlobalSection(SolutionProperties) = preSolution
		HideSolutionNode = FALSE
	EndGlobalSection
	GlobalSection(ExtensibilityGlobals) = postSolution
		SolutionGuid = {03154241-3473-4462-8DF4-1809D1B91299}
	EndGlobalSection
EndGlobal
